
Microsoft Visual Studio Solution File, Format Version 12.00
# Visual Studio Version 16
VisualStudioVersion = 16.0.29201.188
MinimumVisualStudioVersion = 10.0.40219.1
Project("{00D1A9C2-B5F0-4AF3-8072-F6C62B433612}") = "DB_GlobalRepository", "DB_GlobalRepository\DB_GlobalRepository.sqlproj", "{EE3E9A22-0B25-4854-A0F4-FC3DE50F7287}"
EndProject
Project("{9A19103F-16F7-4668-BE54-9A1E7A4F7556}") = "DB_ModelEFCore", "DB_ModelEFCore\DB_ModelEFCore.csproj", "{944AF7B8-6C4E-4CA4-AE48-D844C1E9E38D}"
EndProject
Project("{9A19103F-16F7-4668-BE54-9A1E7A4F7556}") = "GR_WebApi", "GR_WebApi\GR_WebApi.csproj", "{FC5D5DAD-0303-4AD0-B116-CFC0499B7ECA}"
EndProject
Global
	GlobalSection(SolutionConfigurationPlatforms) = preSolution
		Debug|Any CPU = Debug|Any CPU
		Release|Any CPU = Release|Any CPU
	EndGlobalSection
	GlobalSection(ProjectConfigurationPlatforms) = postSolution
		{EE3E9A22-0B25-4854-A0F4-FC3DE50F7287}.Debug|Any CPU.ActiveCfg = Debug|Any CPU
		{EE3E9A22-0B25-4854-A0F4-FC3DE50F7287}.Debug|Any CPU.Build.0 = Debug|Any CPU
		{EE3E9A22-0B25-4854-A0F4-FC3DE50F7287}.Debug|Any CPU.Deploy.0 = Debug|Any CPU
		{EE3E9A22-0B25-4854-A0F4-FC3DE50F7287}.Release|Any CPU.ActiveCfg = Release|Any CPU
		{EE3E9A22-0B25-4854-A0F4-FC3DE50F7287}.Release|Any CPU.Build.0 = Release|Any CPU
		{EE3E9A22-0B25-4854-A0F4-FC3DE50F7287}.Release|Any CPU.Deploy.0 = Release|Any CPU
		{944AF7B8-6C4E-4CA4-AE48-D844C1E9E38D}.Debug|Any CPU.ActiveCfg = Debug|Any CPU
		{944AF7B8-6C4E-4CA4-AE48-D844C1E9E38D}.Debug|Any CPU.Build.0 = Debug|Any CPU
		{944AF7B8-6C4E-4CA4-AE48-D844C1E9E38D}.Release|Any CPU.ActiveCfg = Release|Any CPU
		{944AF7B8-6C4E-4CA4-AE48-D844C1E9E38D}.Release|Any CPU.Build.0 = Release|Any CPU
		{FC5D5DAD-0303-4AD0-B116-CFC0499B7ECA}.Debug|Any CPU.ActiveCfg = Debug|Any CPU
		{FC5D5DAD-0303-4AD0-B116-CFC0499B7ECA}.Debug|Any CPU.Build.0 = Debug|Any CPU
		{FC5D5DAD-0303-4AD0-B116-CFC0499B7ECA}.Release|Any CPU.ActiveCfg = Release|Any CPU
		{FC5D5DAD-0303-4AD0-B116-CFC0499B7ECA}.Release|Any CPU.Build.0 = Release|Any CPU
	EndGlobalSection
	GlobalSection(SolutionProperties) = preSolution
		HideSolutionNode = FALSE
	EndGlobalSection
	GlobalSection(ExtensibilityGlobals) = postSolution
		SolutionGuid = {F6F5152C-8B22-463B-9808-2EA454FEB870}
	EndGlobalSection
EndGlobal
