
Microsoft Visual Studio Solution File, Format Version 12.00
# Visual Studio Version 16
VisualStudioVersion = 16.0.29201.188
MinimumVisualStudioVersion = 10.0.40219.1
Project("{00D1A9C2-B5F0-4AF3-8072-F6C62B433612}") = "Database_DBfeder", "Database_DBfeder\Database_DBfeder.sqlproj", "{029559FF-7905-45EF-A548-543A8A174916}"
EndProject
Global
	GlobalSection(SolutionConfigurationPlatforms) = preSolution
		Debug|Any CPU = Debug|Any CPU
		Release|Any CPU = Release|Any CPU
	EndGlobalSection
	GlobalSection(ProjectConfigurationPlatforms) = postSolution
		{029559FF-7905-45EF-A548-543A8A174916}.Debug|Any CPU.ActiveCfg = Debug|Any CPU
		{029559FF-7905-45EF-A548-543A8A174916}.Debug|Any CPU.Build.0 = Debug|Any CPU
		{029559FF-7905-45EF-A548-543A8A174916}.Debug|Any CPU.Deploy.0 = Debug|Any CPU
		{029559FF-7905-45EF-A548-543A8A174916}.Release|Any CPU.ActiveCfg = Release|Any CPU
		{029559FF-7905-45EF-A548-543A8A174916}.Release|Any CPU.Build.0 = Release|Any CPU
		{029559FF-7905-45EF-A548-543A8A174916}.Release|Any CPU.Deploy.0 = Release|Any CPU
	EndGlobalSection
	GlobalSection(SolutionProperties) = preSolution
		HideSolutionNode = FALSE
	EndGlobalSection
	GlobalSection(ExtensibilityGlobals) = postSolution
		SolutionGuid = {3172C0C9-7310-4C22-A8B9-8E5F4EB2DA9C}
	EndGlobalSection
EndGlobal
